
Microsoft Visual Studio Solution File, Format Version 12.00
# Visual Studio 15
VisualStudioVersion = 15.0.27004.2010
MinimumVisualStudioVersion = 10.0.40219.1
Project("{8BC9CEB8-8B4A-11D0-8D11-00A0C91BC942}") = "openGLTracer", "openGLTracer\openGLTracer.vcxproj", "{BCDB9C4F-E381-4D6D-87A1-EE2B0B131ED8}"
EndProject
Global
	GlobalSection(SolutionConfigurationPlatforms) = preSolution
		Debug|x64 = Debug|x64
		Debug|x86 = Debug|x86
		Release|x64 = Release|x64
		Release|x86 = Release|x86
	EndGlobalSection
	GlobalSection(ProjectConfigurationPlatforms) = postSolution
		{BCDB9C4F-E381-4D6D-87A1-EE2B0B131ED8}.Debug|x64.ActiveCfg = Debug|x64
		{BCDB9C4F-E381-4D6D-87A1-EE2B0B131ED8}.Debug|x64.Build.0 = Debug|x64
		{BCDB9C4F-E381-4D6D-87A1-EE2B0B131ED8}.Debug|x86.ActiveCfg = Debug|Win32
		{BCDB9C4F-E381-4D6D-87A1-EE2B0B131ED8}.Debug|x86.Build.0 = Debug|Win32
		{BCDB9C4F-E381-4D6D-87A1-EE2B0B131ED8}.Release|x64.ActiveCfg = Release|x64
		{BCDB9C4F-E381-4D6D-87A1-EE2B0B131ED8}.Release|x64.Build.0 = Release|x64
		{BCDB9C4F-E381-4D6D-87A1-EE2B0B131ED8}.Release|x86.ActiveCfg = Release|Win32
		{BCDB9C4F-E381-4D6D-87A1-EE2B0B131ED8}.Release|x86.Build.0 = Release|Win32
	EndGlobalSection
	GlobalSection(SolutionProperties) = preSolution
		HideSolutionNode = FALSE
	EndGlobalSection
	GlobalSection(ExtensibilityGlobals) = postSolution
		SolutionGuid = {127D2FF7-1667-4166-8618-4F05F6A4837D}
	EndGlobalSection
EndGlobal
