<?xml version="1.0" encoding="utf-8"?>
<Project ToolsVersion="4.0" xmlns="http://schemas.microsoft.com/developer/msbuild/2003">
  <ItemGroup>
    <Filter Include="源文件">
      <UniqueIdentifier>{4FC737F1-C7A5-4376-A066-2A32D752A2FF}</UniqueIdentifier>
      <Extensions>cpp;c;cc;cxx;def;odl;idl;hpj;bat;asm;asmx</Extensions>
    </Filter>
    <Filter Include="头文件">
      <UniqueIdentifier>{93995380-89BD-4b04-88EB-625FBE52EBFB}</UniqueIdentifier>
      <Extensions>h;hh;hpp;hxx;hm;inl;inc;xsd</Extensions>
    </Filter>
    <Filter Include="资源文件">
      <UniqueIdentifier>{67DA6AB6-F800-4c08-8B7A-83BB121AAD01}</UniqueIdentifier>
      <Extensions>rc;ico;cur;bmp;dlg;rc2;rct;bin;rgs;gif;jpg;jpeg;jpe;resx;tiff;tif;png;wav;mfcribbon-ms</Extensions>
    </Filter>
    <Filter Include="源文件\Mine">
      <UniqueIdentifier>{b6df654f-7443-4ef3-9758-8a981a21db3b}</UniqueIdentifier>
    </Filter>
    <Filter Include="头文件\Mine">
      <UniqueIdentifier>{4ed2ef7d-4e32-44ea-842a-e6f857601e6f}</UniqueIdentifier>
    </Filter>
  </ItemGroup>
  <ItemGroup>
    <ClInclude Include="openGLTracer.h">
      <Filter>头文件\Mine</Filter>
    </ClInclude>
    <ClInclude Include="Swb_MeshLoader.h">
      <Filter>头文件\Mine</Filter>
    </ClInclude>
    <ClInclude Include="Swb_TextureLoader.h">
      <Filter>头文件\Mine</Filter>
    </ClInclude>
    <ClInclude Include="Swb_Model.h">
      <Filter>头文件\Mine</Filter>
    </ClInclude>
    <ClInclude Include="Camera.h">
      <Filter>头文件\Mine</Filter>
    </ClInclude>
    <ClInclude Include="ArcBehaviour.h">
      <Filter>头文件\Mine</Filter>
    </ClInclude>
    <ClInclude Include="TestScript.h">
      <Filter>头文件\Mine</Filter>
    </ClInclude>
    <ClInclude Include="PushableBox.h">
      <Filter>头文件</Filter>
    </ClInclude>
    <ClInclude Include="LightBundle.h">
      <Filter>头文件\Mine</Filter>
    </ClInclude>
    <ClInclude Include="ArcGameObject.h">
      <Filter>头文件</Filter>
    </ClInclude>
    <ClInclude Include="ArcRenderer.h">
      <Filter>头文件</Filter>
    </ClInclude>
    <ClInclude Include="ArcTransform.h">
      <Filter>头文件</Filter>
    </ClInclude>
    <ClInclude Include="MovableObject.h">
      <Filter>头文件</Filter>
    </ClInclude>
    <ClInclude Include="GameController.h">
      <Filter>头文件</Filter>
    </ClInclude>
    <ClInclude Include="ArcInput.h">
      <Filter>头文件</Filter>
    </ClInclude>
    <ClInclude Include="ArcTime.h">
      <Filter>头文件</Filter>
    </ClInclude>
    <ClInclude Include="ArcLogger.h">
      <Filter>头文件</Filter>
    </ClInclude>
    <ClInclude Include="Player.h">
      <Filter>头文件</Filter>
    </ClInclude>
  </ItemGroup>
  <ItemGroup>
    <ClCompile Include="openGLTracer.cpp">
      <Filter>源文件\Mine</Filter>
    </ClCompile>
    <ClCompile Include="Swb_MeshLoader.cpp">
      <Filter>源文件\Mine</Filter>
    </ClCompile>
    <ClCompile Include="Swb_TextureLoader.cpp">
      <Filter>源文件\Mine</Filter>
    </ClCompile>
    <ClCompile Include="Swb_Model.cpp">
      <Filter>源文件\Mine</Filter>
    </ClCompile>
    <ClCompile Include="Camera.cpp">
      <Filter>源文件\Mine</Filter>
    </ClCompile>
    <ClCompile Include="ArcBehaviour.cpp">
      <Filter>源文件\Mine</Filter>
    </ClCompile>
    <ClCompile Include="TestScript.cpp">
      <Filter>源文件\Mine</Filter>
    </ClCompile>
    <ClCompile Include="PushableBox.cpp">
      <Filter>源文件</Filter>
    </ClCompile>
    <ClCompile Include="LightBundle.cpp">
      <Filter>源文件\Mine</Filter>
    </ClCompile>
    <ClCompile Include="ArcGameObject.cpp">
      <Filter>源文件</Filter>
    </ClCompile>
    <ClCompile Include="ArcRenderer.cpp">
      <Filter>源文件</Filter>
    </ClCompile>
    <ClCompile Include="ArcTransform.cpp">
      <Filter>源文件</Filter>
    </ClCompile>
    <ClCompile Include="MovableObject.cpp">
      <Filter>源文件</Filter>
    </ClCompile>
    <ClCompile Include="GameController.cpp">
      <Filter>源文件</Filter>
    </ClCompile>
    <ClCompile Include="ArcInput.cpp">
      <Filter>源文件</Filter>
    </ClCompile>
    <ClCompile Include="ArcTime.cpp">
      <Filter>源文件</Filter>
    </ClCompile>
    <ClCompile Include="ArcLogger.cpp">
      <Filter>源文件</Filter>
    </ClCompile>
    <ClCompile Include="Player.cpp">
      <Filter>源文件</Filter>
    </ClCompile>
  </ItemGroup>
  <ItemGroup>
    <ResourceCompile Include="openGLTracer.rc">
      <Filter>资源文件</Filter>
    </ResourceCompile>
  </ItemGroup>
</Project>